// !$*UTF8*$!
{
	archiveVersion = 1;
	classes = {
	};
	objectVersion = 48;
	objects = {

/* Begin PBXBuildFile section */
		3F0AA4392007FA280082FF82 /* AppDelegate.swift in Sources */ = {isa = PBXBuildFile; fileRef = 3F0AA4382007FA280082FF82 /* AppDelegate.swift */; };
		3F0AA43B2007FA280082FF82 /* ViewController.swift in Sources */ = {isa = PBXBuildFile; fileRef = 3F0AA43A2007FA280082FF82 /* ViewController.swift */; };
		3F0AA43E2007FA280082FF82 /* Main.storyboard in Resources */ = {isa = PBXBuildFile; fileRef = 3F0AA43C2007FA280082FF82 /* Main.storyboard */; };
		3F0AA4402007FA280082FF82 /* Assets.xcassets in Resources */ = {isa = PBXBuildFile; fileRef = 3F0AA43F2007FA280082FF82 /* Assets.xcassets */; };
		3F0AA4432007FA280082FF82 /* LaunchScreen.storyboard in Resources */ = {isa = PBXBuildFile; fileRef = 3F0AA4412007FA280082FF82 /* LaunchScreen.storyboard */; };
		3F0AA44E2007FA280082FF82 /* Assignmnet1Tests.swift in Sources */ = {isa = PBXBuildFile; fileRef = 3F0AA44D2007FA280082FF82 /* Assignmnet1Tests.swift */; };
		3F0AA4592007FA280082FF82 /* Assignmnet1UITests.swift in Sources */ = {isa = PBXBuildFile; fileRef = 3F0AA4582007FA280082FF82 /* Assignmnet1UITests.swift */; };
		3FD13AF7201155170070A206 /* MathQuiz.swift in Sources */ = {isa = PBXBuildFile; fileRef = 3FD13AF6201155170070A206 /* MathQuiz.swift */; };
		3FD13AF9201162370070A206 /* AboutViewController.swift in Sources */ = {isa = PBXBuildFile; fileRef = 3FD13AF8201162370070A206 /* AboutViewController.swift */; };
/* End PBXBuildFile section */

/* Begin PBXContainerItemProxy section */
		3F0AA44A2007FA280082FF82 /* PBXContainerItemProxy */ = {
			isa = PBXContainerItemProxy;
			containerPortal = 3F0AA42D2007FA280082FF82 /* Project object */;
			proxyType = 1;
			remoteGlobalIDString = 3F0AA4342007FA280082FF82;
			remoteInfo = Assignmnet1;
		};
		3F0AA4552007FA280082FF82 /* PBXContainerItemProxy */ = {
			isa = PBXContainerItemProxy;
			containerPortal = 3F0AA42D2007FA280082FF82 /* Project object */;
			proxyType = 1;
			remoteGlobalIDString = 3F0AA4342007FA280082FF82;
			remoteInfo = Assignmnet1;
		};
/* End PBXContainerItemProxy section */

/* Begin PBXFileReference section */
		3F0AA4352007FA280082FF82 /* Assignmnet1.app */ = {isa = PBXFileReference; explicitFileType = wrapper.application; includeInIndex = 0; path = Assignmnet1.app; sourceTree = BUILT_PRODUCTS_DIR; };
		3F0AA4382007FA280082FF82 /* AppDelegate.swift */ = {isa = PBXFileReference; lastKnownFileType = sourcecode.swift; path = AppDelegate.swift; sourceTree = "<group>"; };
		3F0AA43A2007FA280082FF82 /* ViewController.swift */ = {isa = PBXFileReference; lastKnownFileType = sourcecode.swift; path = ViewController.swift; sourceTree = "<group>"; };
		3F0AA43D2007FA280082FF82 /* Base */ = {isa = PBXFileReference; lastKnownFileType = file.storyboard; name = Base; path = Base.lproj/Main.storyboard; sourceTree = "<group>"; };
		3F0AA43F2007FA280082FF82 /* Assets.xcassets */ = {isa = PBXFileReference; lastKnownFileType = folder.assetcatalog; path = Assets.xcassets; sourceTree = "<group>"; };
		3F0AA4422007FA280082FF82 /* Base */ = {isa = PBXFileReference; lastKnownFileType = file.storyboard; name = Base; path = Base.lproj/LaunchScreen.storyboard; sourceTree = "<group>"; };
		3F0AA4442007FA280082FF82 /* Info.plist */ = {isa = PBXFileReference; lastKnownFileType = text.plist.xml; path = Info.plist; sourceTree = "<group>"; };
		3F0AA4492007FA280082FF82 /* Assignmnet1Tests.xctest */ = {isa = PBXFileReference; explicitFileType = wrapper.cfbundle; includeInIndex = 0; path = Assignmnet1Tests.xctest; sourceTree = BUILT_PRODUCTS_DIR; };
		3F0AA44D2007FA280082FF82 /* Assignmnet1Tests.swift */ = {isa = PBXFileReference; lastKnownFileType = sourcecode.swift; path = Assignmnet1Tests.swift; sourceTree = "<group>"; };
		3F0AA44F2007FA280082FF82 /* Info.plist */ = {isa = PBXFileReference; lastKnownFileType = text.plist.xml; path = Info.plist; sourceTree = "<group>"; };
		3F0AA4542007FA280082FF82 /* Assignmnet1UITests.xctest */ = {isa = PBXFileReference; explicitFileType = wrapper.cfbundle; includeInIndex = 0; path = Assignmnet1UITests.xctest; sourceTree = BUILT_PRODUCTS_DIR; };
		3F0AA4582007FA280082FF82 /* Assignmnet1UITests.swift */ = {isa = PBXFileReference; lastKnownFileType = sourcecode.swift; path = Assignmnet1UITests.swift; sourceTree = "<group>"; };
		3F0AA45A2007FA280082FF82 /* Info.plist */ = {isa = PBXFileReference; lastKnownFileType = text.plist.xml; path = Info.plist; sourceTree = "<group>"; };
		3FD13AF6201155170070A206 /* MathQuiz.swift */ = {isa = PBXFileReference; lastKnownFileType = sourcecode.swift; path = MathQuiz.swift; sourceTree = "<group>"; };
		3FD13AF8201162370070A206 /* AboutViewController.swift */ = {isa = PBXFileReference; lastKnownFileType = sourcecode.swift; path = AboutViewController.swift; sourceTree = "<group>"; };
/* End PBXFileReference section */

/* Begin PBXFrameworksBuildPhase section */
		3F0AA4322007FA280082FF82 /* Frameworks */ = {
			isa = PBXFrameworksBuildPhase;
			buildActionMask = 2147483647;
			files = (
			);
			runOnlyForDeploymentPostprocessing = 0;
		};
		3F0AA4462007FA280082FF82 /* Frameworks */ = {
			isa = PBXFrameworksBuildPhase;
			buildActionMask = 2147483647;
			files = (
			);
			runOnlyForDeploymentPostprocessing = 0;
		};
		3F0AA4512007FA280082FF82 /* Frameworks */ = {
			isa = PBXFrameworksBuildPhase;
			buildActionMask = 2147483647;
			files = (
			);
			runOnlyForDeploymentPostprocessing = 0;
		};
/* End PBXFrameworksBuildPhase section */

/* Begin PBXGroup section */
		3F0AA42C2007FA280082FF82 = {
			isa = PBXGroup;
			children = (
				3F0AA4372007FA280082FF82 /* Assignmnet1 */,
				3F0AA44C2007FA280082FF82 /* Assignmnet1Tests */,
				3F0AA4572007FA280082FF82 /* Assignmnet1UITests */,
				3F0AA4362007FA280082FF82 /* Products */,
			);
			sourceTree = "<group>";
		};
		3F0AA4362007FA280082FF82 /* Products */ = {
			isa = PBXGroup;
			children = (
				3F0AA4352007FA280082FF82 /* Assignmnet1.app */,
				3F0AA4492007FA280082FF82 /* Assignmnet1Tests.xctest */,
				3F0AA4542007FA280082FF82 /* Assignmnet1UITests.xctest */,
			);
			name = Products;
			sourceTree = "<group>";
		};
		3F0AA4372007FA280082FF82 /* Assignmnet1 */ = {
			isa = PBXGroup;
			children = (
				3F0AA4382007FA280082FF82 /* AppDelegate.swift */,
				3F0AA43A2007FA280082FF82 /* ViewController.swift */,
				3F0AA43C2007FA280082FF82 /* Main.storyboard */,
				3FD13AF8201162370070A206 /* AboutViewController.swift */,
				3F0AA43F2007FA280082FF82 /* Assets.xcassets */,
				3F0AA4412007FA280082FF82 /* LaunchScreen.storyboard */,
				3F0AA4442007FA280082FF82 /* Info.plist */,
				3FD13AF6201155170070A206 /* MathQuiz.swift */,
			);
			path = Assignmnet1;
			sourceTree = "<group>";
		};
		3F0AA44C2007FA280082FF82 /* Assignmnet1Tests */ = {
			isa = PBXGroup;
			children = (
				3F0AA44D2007FA280082FF82 /* Assignmnet1Tests.swift */,
				3F0AA44F2007FA280082FF82 /* Info.plist */,
			);
			path = Assignmnet1Tests;
			sourceTree = "<group>";
		};
		3F0AA4572007FA280082FF82 /* Assignmnet1UITests */ = {
			isa = PBXGroup;
			children = (
				3F0AA4582007FA280082FF82 /* Assignmnet1UITests.swift */,
				3F0AA45A2007FA280082FF82 /* Info.plist */,
			);
			path = Assignmnet1UITests;
			sourceTree = "<group>";
		};
/* End PBXGroup section */

/* Begin PBXNativeTarget section */
		3F0AA4342007FA280082FF82 /* Assignmnet1 */ = {
			isa = PBXNativeTarget;
			buildConfigurationList = 3F0AA45D2007FA280082FF82 /* Build configuration list for PBXNativeTarget "Assignmnet1" */;
			buildPhases = (
				3F0AA4312007FA280082FF82 /* Sources */,
				3F0AA4322007FA280082FF82 /* Frameworks */,
				3F0AA4332007FA280082FF82 /* Resources */,
			);
			buildRules = (
			);
			dependencies = (
			);
			name = Assignmnet1;
			productName = Assignmnet1;
			productReference = 3F0AA4352007FA280082FF82 /* Assignmnet1.app */;
			productType = "com.apple.product-type.application";
		};
		3F0AA4482007FA280082FF82 /* Assignmnet1Tests */ = {
			isa = PBXNativeTarget;
			buildConfigurationList = 3F0AA4602007FA280082FF82 /* Build configuration list for PBXNativeTarget "Assignmnet1Tests" */;
			buildPhases = (
				3F0AA4452007FA280082FF82 /* Sources */,
				3F0AA4462007FA280082FF82 /* Frameworks */,
				3F0AA4472007FA280082FF82 /* Resources */,
			);
			buildRules = (
			);
			dependencies = (
				3F0AA44B2007FA280082FF82 /* PBXTargetDependency */,
			);
			name = Assignmnet1Tests;
			productName = Assignmnet1Tests;
			productReference = 3F0AA4492007FA280082FF82 /* Assignmnet1Tests.xctest */;
			productType = "com.apple.product-type.bundle.unit-test";
		};
		3F0AA4532007FA280082FF82 /* Assignmnet1UITests */ = {
			isa = PBXNativeTarget;
			buildConfigurationList = 3F0AA4632007FA280082FF82 /* Build configuration list for PBXNativeTarget "Assignmnet1UITests" */;
			buildPhases = (
				3F0AA4502007FA280082FF82 /* Sources */,
				3F0AA4512007FA280082FF82 /* Frameworks */,
				3F0AA4522007FA280082FF82 /* Resources */,
			);
			buildRules = (
			);
			dependencies = (
				3F0AA4562007FA280082FF82 /* PBXTargetDependency */,
			);
			name = Assignmnet1UITests;
			productName = Assignmnet1UITests;
			productReference = 3F0AA4542007FA280082FF82 /* Assignmnet1UITests.xctest */;
			productType = "com.apple.product-type.bundle.ui-testing";
		};
/* End PBXNativeTarget section */

/* Begin PBXProject section */
		3F0AA42D2007FA280082FF82 /* Project object */ = {
			isa = PBXProject;
			attributes = {
				LastSwiftUpdateCheck = 0920;
				LastUpgradeCheck = 0920;
				ORGANIZATIONNAME = Student;
				TargetAttributes = {
					3F0AA4342007FA280082FF82 = {
						CreatedOnToolsVersion = 9.2;
						ProvisioningStyle = Automatic;
					};
					3F0AA4482007FA280082FF82 = {
						CreatedOnToolsVersion = 9.2;
						ProvisioningStyle = Automatic;
						TestTargetID = 3F0AA4342007FA280082FF82;
					};
					3F0AA4532007FA280082FF82 = {
						CreatedOnToolsVersion = 9.2;
						ProvisioningStyle = Automatic;
						TestTargetID = 3F0AA4342007FA280082FF82;
					};
				};
			};
			buildConfigurationList = 3F0AA4302007FA280082FF82 /* Build configuration list for PBXProject "Assignmnet1" */;
			compatibilityVersion = "Xcode 8.0";
			developmentRegion = en;
			hasScannedForEncodings = 0;
			knownRegions = (
				en,
				Base,
			);
			mainGroup = 3F0AA42C2007FA280082FF82;
			productRefGroup = 3F0AA4362007FA280082FF82 /* Products */;
			projectDirPath = "";
			projectRoot = "";
			targets = (
				3F0AA4342007FA280082FF82 /* Assignmnet1 */,
				3F0AA4482007FA280082FF82 /* Assignmnet1Tests */,
				3F0AA4532007FA280082FF82 /* Assignmnet1UITests */,
			);
		};
/* End PBXProject section */

/* Begin PBXResourcesBuildPhase section */
		3F0AA4332007FA280082FF82 /* Resources */ = {
			isa = PBXResourcesBuildPhase;
			buildActionMask = 2147483647;
			files = (
				3F0AA4432007FA280082FF82 /* LaunchScreen.storyboard in Resources */,
				3F0AA4402007FA280082FF82 /* Assets.xcassets in Resources */,
				3F0AA43E2007FA280082FF82 /* Main.storyboard in Resources */,
			);
			runOnlyForDeploymentPostprocessing = 0;
		};
		3F0AA4472007FA280082FF82 /* Resources */ = {
			isa = PBXResourcesBuildPhase;
			buildActionMask = 2147483647;
			files = (
			);
			runOnlyForDeploymentPostprocessing = 0;
		};
		3F0AA4522007FA280082FF82 /* Resources */ = {
			isa = PBXResourcesBuildPhase;
			buildActionMask = 2147483647;
			files = (
			);
			runOnlyForDeploymentPostprocessing = 0;
		};
/* End PBXResourcesBuildPhase section */

/* Begin PBXSourcesBuildPhase section */
		3F0AA4312007FA280082FF82 /* Sources */ = {
			isa = PBXSourcesBuildPhase;
			buildActionMask = 2147483647;
			files = (
				3F0AA43B2007FA280082FF82 /* ViewController.swift in Sources */,
				3F0AA4392007FA280082FF82 /* AppDelegate.swift in Sources */,
				3FD13AF9201162370070A206 /* AboutViewController.swift in Sources */,
				3FD13AF7201155170070A206 /* MathQuiz.swift in Sources */,
			);
			runOnlyForDeploymentPostprocessing = 0;
		};
		3F0AA4452007FA280082FF82 /* Sources */ = {
			isa = PBXSourcesBuildPhase;
			buildActionMask = 2147483647;
			files = (
				3F0AA44E2007FA280082FF82 /* Assignmnet1Tests.swift in Sources */,
			);
			runOnlyForDeploymentPostprocessing = 0;
		};
		3F0AA4502007FA280082FF82 /* Sources */ = {
			isa = PBXSourcesBuildPhase;
			buildActionMask = 2147483647;
			files = (
				3F0AA4592007FA280082FF82 /* Assignmnet1UITests.swift in Sources */,
			);
			runOnlyForDeploymentPostprocessing = 0;
		};
/* End PBXSourcesBuildPhase section */

/* Begin PBXTargetDependency section */
		3F0AA44B2007FA280082FF82 /* PBXTargetDependency */ = {
			isa = PBXTargetDependency;
			target = 3F0AA4342007FA280082FF82 /* Assignmnet1 */;
			targetProxy = 3F0AA44A2007FA280082FF82 /* PBXContainerItemProxy */;
		};
		3F0AA4562007FA280082FF82 /* PBXTargetDependency */ = {
			isa = PBXTargetDependency;
			target = 3F0AA4342007FA280082FF82 /* Assignmnet1 */;
			targetProxy = 3F0AA4552007FA280082FF82 /* PBXContainerItemProxy */;
		};
/* End PBXTargetDependency section */

/* Begin PBXVariantGroup section */
		3F0AA43C2007FA280082FF82 /* Main.storyboard */ = {
			isa = PBXVariantGroup;
			children = (
				3F0AA43D2007FA280082FF82 /* Base */,
			);
			name = Main.storyboard;
			sourceTree = "<group>";
		};
		3F0AA4412007FA280082FF82 /* LaunchScreen.storyboard */ = {
			isa = PBXVariantGroup;
			children = (
				3F0AA4422007FA280082FF82 /* Base */,
			);
			name = LaunchScreen.storyboard;
			sourceTree = "<group>";
		};
/* End PBXVariantGroup section */

/* Begin XCBuildConfiguration section */
		3F0AA45B2007FA280082FF82 /* Debug */ = {
			isa = XCBuildConfiguration;
			buildSettings = {
				ALWAYS_SEARCH_USER_PATHS = NO;
				CLANG_ANALYZER_NONNULL = YES;
				CLANG_ANALYZER_NUMBER_OBJECT_CONVERSION = YES_AGGRESSIVE;
				CLANG_CXX_LANGUAGE_STANDARD = "gnu++14";
				CLANG_CXX_LIBRARY = "libc++";
				CLANG_ENABLE_MODULES = YES;
				CLANG_ENABLE_OBJC_ARC = YES;
				CLANG_WARN_BLOCK_CAPTURE_AUTORELEASING = YES;
				CLANG_WARN_BOOL_CONVERSION = YES;
				CLANG_WARN_COMMA = YES;
				CLANG_WARN_CONSTANT_CONVERSION = YES;
				CLANG_WARN_DIRECT_OBJC_ISA_USAGE = YES_ERROR;
				CLANG_WARN_DOCUMENTATION_COMMENTS = YES;
				CLANG_WARN_EMPTY_BODY = YES;
				CLANG_WARN_ENUM_CONVERSION = YES;
				CLANG_WARN_INFINITE_RECURSION = YES;
				CLANG_WARN_INT_CONVERSION = YES;
				CLANG_WARN_NON_LITERAL_NULL_CONVERSION = YES;
				CLANG_WARN_OBJC_LITERAL_CONVERSION = YES;
				CLANG_WARN_OBJC_ROOT_CLASS = YES_ERROR;
				CLANG_WARN_RANGE_LOOP_ANALYSIS = YES;
				CLANG_WARN_STRICT_PROTOTYPES = YES;
				CLANG_WARN_SUSPICIOUS_MOVE = YES;
				CLANG_WARN_UNGUARDED_AVAILABILITY = YES_AGGRESSIVE;
				CLANG_WARN_UNREACHABLE_CODE = YES;
				CLANG_WARN__DUPLICATE_METHOD_MATCH = YES;
				CODE_SIGN_IDENTITY = "iPhone Developer";
				COPY_PHASE_STRIP = NO;
				DEBUG_INFORMATION_FORMAT = dwarf;
				ENABLE_STRICT_OBJC_MSGSEND = YES;
				ENABLE_TESTABILITY = YES;
				GCC_C_LANGUAGE_STANDARD = gnu11;
				GCC_DYNAMIC_NO_PIC = NO;
				GCC_NO_COMMON_BLOCKS = YES;
				GCC_OPTIMIZATION_LEVEL = 0;
				GCC_PREPROCESSOR_DEFINITIONS = (
					"DEBUG=1",
					"$(inherited)",
				);
				GCC_WARN_64_TO_32_BIT_CONVERSION = YES;
				GCC_WARN_ABOUT_RETURN_TYPE = YES_ERROR;
				GCC_WARN_UNDECLARED_SELECTOR = YES;
				GCC_WARN_UNINITIALIZED_AUTOS = YES_AGGRESSIVE;
				GCC_WARN_UNUSED_FUNCTION = YES;
				GCC_WARN_UNUSED_VARIABLE = YES;
				IPHONEOS_DEPLOYMENT_TARGET = 11.2;
				MTL_ENABLE_DEBUG_INFO = YES;
				ONLY_ACTIVE_ARCH = YES;
				SDKROOT = iphoneos;
				SWIFT_ACTIVE_COMPILATION_CONDITIONS = DEBUG;
				SWIFT_OPTIMIZATION_LEVEL = "-Onone";
			};
			name = Debug;
		};
		3F0AA45C2007FA280082FF82 /* Release */ = {
			isa = XCBuildConfiguration;
			buildSettings = {
				ALWAYS_SEARCH_USER_PATHS = NO;
				CLANG_ANALYZER_NONNULL = YES;
				CLANG_ANALYZER_NUMBER_OBJECT_CONVERSION = YES_AGGRESSIVE;
				CLANG_CXX_LANGUAGE_STANDARD = "gnu++14";
				CLANG_CXX_LIBRARY = "libc++";
				CLANG_ENABLE_MODULES = YES;
				CLANG_ENABLE_OBJC_ARC = YES;
				CLANG_WARN_BLOCK_CAPTURE_AUTORELEASING = YES;
				CLANG_WARN_BOOL_CONVERSION = YES;
				CLANG_WARN_COMMA = YES;
				CLANG_WARN_CONSTANT_CONVERSION = YES;
				CLANG_WARN_DIRECT_OBJC_ISA_USAGE = YES_ERROR;
				CLANG_WARN_DOCUMENTATION_COMMENTS = YES;
				CLANG_WARN_EMPTY_BODY = YES;
				CLANG_WARN_ENUM_CONVERSION = YES;
				CLANG_WARN_INFINITE_RECURSION = YES;
				CLANG_WARN_INT_CONVERSION = YES;
				CLANG_WARN_NON_LITERAL_NULL_CONVERSION = YES;
				CLANG_WARN_OBJC_LITERAL_CONVERSION = YES;
				CLANG_WARN_OBJC_ROOT_CLASS = YES_ERROR;
				CLANG_WARN_RANGE_LOOP_ANALYSIS = YES;
				CLANG_WARN_STRICT_PROTOTYPES = YES;
				CLANG_WARN_SUSPICIOUS_MOVE = YES;
				CLANG_WARN_UNGUARDED_AVAILABILITY = YES_AGGRESSIVE;
				CLANG_WARN_UNREACHABLE_CODE = YES;
				CLANG_WARN__DUPLICATE_METHOD_MATCH = YES;
				CODE_SIGN_IDENTITY = "iPhone Developer";
				COPY_PHASE_STRIP = NO;
				DEBUG_INFORMATION_FORMAT = "dwarf-with-dsym";
				ENABLE_NS_ASSERTIONS = NO;
				ENABLE_STRICT_OBJC_MSGSEND = YES;
				GCC_C_LANGUAGE_STANDARD = gnu11;
				GCC_NO_COMMON_BLOCKS = YES;
				GCC_WARN_64_TO_32_BIT_CONVERSION = YES;
				GCC_WARN_ABOUT_RETURN_TYPE = YES_ERROR;
				GCC_WARN_UNDECLARED_SELECTOR = YES;
				GCC_WARN_UNINITIALIZED_AUTOS = YES_AGGRESSIVE;
				GCC_WARN_UNUSED_FUNCTION = YES;
				GCC_WARN_UNUSED_VARIABLE = YES;
				IPHONEOS_DEPLOYMENT_TARGET = 11.2;
				MTL_ENABLE_DEBUG_INFO = NO;
				SDKROOT = iphoneos;
				SWIFT_OPTIMIZATION_LEVEL = "-Owholemodule";
				VALIDATE_PRODUCT = YES;
			};
			name = Release;
		};
		3F0AA45E2007FA280082FF82 /* Debug */ = {
			isa = XCBuildConfiguration;
			buildSettings = {
				ASSETCATALOG_COMPILER_APPICON_NAME = AppIcon;
				CODE_SIGN_STYLE = Automatic;
				INFOPLIST_FILE = Assignmnet1/Info.plist;
				LD_RUNPATH_SEARCH_PATHS = "$(inherited) @executable_path/Frameworks";
				PRODUCT_BUNDLE_IDENTIFIER = hello.Assignmnet1;
				PRODUCT_NAME = "$(TARGET_NAME)";
				SWIFT_VERSION = 4.0;
				TARGETED_DEVICE_FAMILY = "1,2";
			};
			name = Debug;
		};
		3F0AA45F2007FA280082FF82 /* Release */ = {
			isa = XCBuildConfiguration;
			buildSettings = {
				ASSETCATALOG_COMPILER_APPICON_NAME = AppIcon;
				CODE_SIGN_STYLE = Automatic;
				INFOPLIST_FILE = Assignmnet1/Info.plist;
				LD_RUNPATH_SEARCH_PATHS = "$(inherited) @executable_path/Frameworks";
				PRODUCT_BUNDLE_IDENTIFIER = hello.Assignmnet1;
				PRODUCT_NAME = "$(TARGET_NAME)";
				SWIFT_VERSION = 4.0;
				TARGETED_DEVICE_FAMILY = "1,2";
			};
			name = Release;
		};
		3F0AA4612007FA280082FF82 /* Debug */ = {
			isa = XCBuildConfiguration;
			buildSettings = {
				ALWAYS_EMBED_SWIFT_STANDARD_LIBRARIES = YES;
				BUNDLE_LOADER = "$(TEST_HOST)";
				CODE_SIGN_STYLE = Automatic;
				INFOPLIST_FILE = Assignmnet1Tests/Info.plist;
				LD_RUNPATH_SEARCH_PATHS = "$(inherited) @executable_path/Frameworks @loader_path/Frameworks";
				PRODUCT_BUNDLE_IDENTIFIER = hello.Assignmnet1Tests;
				PRODUCT_NAME = "$(TARGET_NAME)";
				SWIFT_VERSION = 4.0;
				TARGETED_DEVICE_FAMILY = "1,2";
				TEST_HOST = "$(BUILT_PRODUCTS_DIR)/Assignmnet1.app/Assignmnet1";
			};
			name = Debug;
		};
		3F0AA4622007FA280082FF82 /* Release */ = {
			isa = XCBuildConfiguration;
			buildSettings = {
				ALWAYS_EMBED_SWIFT_STANDARD_LIBRARIES = YES;
				BUNDLE_LOADER = "$(TEST_HOST)";
				CODE_SIGN_STYLE = Automatic;
				INFOPLIST_FILE = Assignmnet1Tests/Info.plist;
				LD_RUNPATH_SEARCH_PATHS = "$(inherited) @executable_path/Frameworks @loader_path/Frameworks";
				PRODUCT_BUNDLE_IDENTIFIER = hello.Assignmnet1Tests;
				PRODUCT_NAME = "$(TARGET_NAME)";
				SWIFT_VERSION = 4.0;
				TARGETED_DEVICE_FAMILY = "1,2";
				TEST_HOST = "$(BUILT_PRODUCTS_DIR)/Assignmnet1.app/Assignmnet1";
			};
			name = Release;
		};
		3F0AA4642007FA280082FF82 /* Debug */ = {
			isa = XCBuildConfiguration;
			buildSettings = {
				ALWAYS_EMBED_SWIFT_STANDARD_LIBRARIES = YES;
				CODE_SIGN_STYLE = Automatic;
				INFOPLIST_FILE = Assignmnet1UITests/Info.plist;
				LD_RUNPATH_SEARCH_PATHS = "$(inherited) @executable_path/Frameworks @loader_path/Frameworks";
				PRODUCT_BUNDLE_IDENTIFIER = hello.Assignmnet1UITests;
				PRODUCT_NAME = "$(TARGET_NAME)";
				SWIFT_VERSION = 4.0;
				TARGETED_DEVICE_FAMILY = "1,2";
				TEST_TARGET_NAME = Assignmnet1;
			};
			name = Debug;
		};
		3F0AA4652007FA280082FF82 /* Release */ = {
			isa = XCBuildConfiguration;
			buildSettings = {
				ALWAYS_EMBED_SWIFT_STANDARD_LIBRARIES = YES;
				CODE_SIGN_STYLE = Automatic;
				INFOPLIST_FILE = Assignmnet1UITests/Info.plist;
				LD_RUNPATH_SEARCH_PATHS = "$(inherited) @executable_path/Frameworks @loader_path/Frameworks";
				PRODUCT_BUNDLE_IDENTIFIER = hello.Assignmnet1UITests;
				PRODUCT_NAME = "$(TARGET_NAME)";
				SWIFT_VERSION = 4.0;
				TARGETED_DEVICE_FAMILY = "1,2";
				TEST_TARGET_NAME = Assignmnet1;
			};
			name = Release;
		};
/* End XCBuildConfiguration section */

/* Begin XCConfigurationList section */
		3F0AA4302007FA280082FF82 /* Build configuration list for PBXProject "Assignmnet1" */ = {
			isa = XCConfigurationList;
			buildConfigurations = (
				3F0AA45B2007FA280082FF82 /* Debug */,
				3F0AA45C2007FA280082FF82 /* Release */,
			);
			defaultConfigurationIsVisible = 0;
			defaultConfigurationName = Release;
		};
		3F0AA45D2007FA280082FF82 /* Build configuration list for PBXNativeTarget "Assignmnet1" */ = {
			isa = XCConfigurationList;
			buildConfigurations = (
				3F0AA45E2007FA280082FF82 /* Debug */,
				3F0AA45F2007FA280082FF82 /* Release */,
			);
			defaultConfigurationIsVisible = 0;
			defaultConfigurationName = Release;
		};
		3F0AA4602007FA280082FF82 /* Build configuration list for PBXNativeTarget "Assignmnet1Tests" */ = {
			isa = XCConfigurationList;
			buildConfigurations = (
				3F0AA4612007FA280082FF82 /* Debug */,
				3F0AA4622007FA280082FF82 /* Release */,
			);
			defaultConfigurationIsVisible = 0;
			defaultConfigurationName = Release;
		};
		3F0AA4632007FA280082FF82 /* Build configuration list for PBXNativeTarget "Assignmnet1UITests" */ = {
			isa = XCConfigurationList;
			buildConfigurations = (
				3F0AA4642007FA280082FF82 /* Debug */,
				3F0AA4652007FA280082FF82 /* Release */,
			);
			defaultConfigurationIsVisible = 0;
			defaultConfigurationName = Release;
		};
/* End XCConfigurationList section */
	};
	rootObject = 3F0AA42D2007FA280082FF82 /* Project object */;
}
